// !$*UTF8*$!
{
	archiveVersion = 1;
	classes = {
	};
	objectVersion = 50;
	objects = {

/* Begin PBXBuildFile section */
		1D648DB324D70D14002526C4 /* AppDelegate.swift in Sources */ = {isa = PBXBuildFile; fileRef = 1D648DB224D70D14002526C4 /* AppDelegate.swift */; };
		1D648DB524D70D14002526C4 /* SceneDelegate.swift in Sources */ = {isa = PBXBuildFile; fileRef = 1D648DB424D70D14002526C4 /* SceneDelegate.swift */; };
		1D648DB724D70D14002526C4 /* ViewController.swift in Sources */ = {isa = PBXBuildFile; fileRef = 1D648DB624D70D14002526C4 /* ViewController.swift */; };
		1D648DBA24D70D14002526C4 /* Main.storyboard in Resources */ = {isa = PBXBuildFile; fileRef = 1D648DB824D70D14002526C4 /* Main.storyboard */; };
		1D648DBC24D70D16002526C4 /* Assets.xcassets in Resources */ = {isa = PBXBuildFile; fileRef = 1D648DBB24D70D16002526C4 /* Assets.xcassets */; };
		1D648DBF24D70D16002526C4 /* LaunchScreen.storyboard in Resources */ = {isa = PBXBuildFile; fileRef = 1D648DBD24D70D16002526C4 /* LaunchScreen.storyboard */; };
/* End PBXBuildFile section */

/* Begin PBXFileReference section */
		1D648DAF24D70D14002526C4 /* udder2 cuz it failed boi.app */ = {isa = PBXFileReference; explicitFileType = wrapper.application; includeInIndex = 0; path = "udder2 cuz it failed boi.app"; sourceTree = BUILT_PRODUCTS_DIR; };
		1D648DB224D70D14002526C4 /* AppDelegate.swift */ = {isa = PBXFileReference; lastKnownFileType = sourcecode.swift; path = AppDelegate.swift; sourceTree = "<group>"; };
		1D648DB424D70D14002526C4 /* SceneDelegate.swift */ = {isa = PBXFileReference; lastKnownFileType = sourcecode.swift; path = SceneDelegate.swift; sourceTree = "<group>"; };
		1D648DB624D70D14002526C4 /* ViewController.swift */ = {isa = PBXFileReference; lastKnownFileType = sourcecode.swift; path = ViewController.swift; sourceTree = "<group>"; };
		1D648DB924D70D14002526C4 /* Base */ = {isa = PBXFileReference; lastKnownFileType = file.storyboard; name = Base; path = Base.lproj/Main.storyboard; sourceTree = "<group>"; };
		1D648DBB24D70D16002526C4 /* Assets.xcassets */ = {isa = PBXFileReference; lastKnownFileType = folder.assetcatalog; path = Assets.xcassets; sourceTree = "<group>"; };
		1D648DBE24D70D16002526C4 /* Base */ = {isa = PBXFileReference; lastKnownFileType = file.storyboard; name = Base; path = Base.lproj/LaunchScreen.storyboard; sourceTree = "<group>"; };
		1D648DC024D70D16002526C4 /* Info.plist */ = {isa = PBXFileReference; lastKnownFileType = text.plist.xml; path = Info.plist; sourceTree = "<group>"; };
/* End PBXFileReference section */

/* Begin PBXFrameworksBuildPhase section */
		1D648DAC24D70D14002526C4 /* Frameworks */ = {
			isa = PBXFrameworksBuildPhase;
			buildActionMask = 2147483647;
			files = (
			);
			runOnlyForDeploymentPostprocessing = 0;
		};
/* End PBXFrameworksBuildPhase section */

/* Begin PBXGroup section */
		1D648DA624D70D14002526C4 = {
			isa = PBXGroup;
			children = (
				1D648DB124D70D14002526C4 /* udder2 cuz it failed boi */,
				1D648DB024D70D14002526C4 /* Products */,
			);
			sourceTree = "<group>";
		};
		1D648DB024D70D14002526C4 /* Products */ = {
			isa = PBXGroup;
			children = (
				1D648DAF24D70D14002526C4 /* udder2 cuz it failed boi.app */,
			);
			name = Products;
			sourceTree = "<group>";
		};
		1D648DB124D70D14002526C4 /* udder2 cuz it failed boi */ = {
			isa = PBXGroup;
			children = (
				1D648DB224D70D14002526C4 /* AppDelegate.swift */,
				1D648DB424D70D14002526C4 /* SceneDelegate.swift */,
				1D648DB624D70D14002526C4 /* ViewController.swift */,
				1D648DB824D70D14002526C4 /* Main.storyboard */,
				1D648DBB24D70D16002526C4 /* Assets.xcassets */,
				1D648DBD24D70D16002526C4 /* LaunchScreen.storyboard */,
				1D648DC024D70D16002526C4 /* Info.plist */,
			);
			path = "udder2 cuz it failed boi";
			sourceTree = "<group>";
		};
/* End PBXGroup section */

/* Begin PBXNativeTarget section */
		1D648DAE24D70D14002526C4 /* udder2 cuz it failed boi */ = {
			isa = PBXNativeTarget;
			buildConfigurationList = 1D648DC324D70D16002526C4 /* Build configuration list for PBXNativeTarget "udder2 cuz it failed boi" */;
			buildPhases = (
				1D648DAB24D70D14002526C4 /* Sources */,
				1D648DAC24D70D14002526C4 /* Frameworks */,
				1D648DAD24D70D14002526C4 /* Resources */,
			);
			buildRules = (
			);
			dependencies = (
			);
			name = "udder2 cuz it failed boi";
			productName = "udder2 cuz it failed boi";
			productReference = 1D648DAF24D70D14002526C4 /* udder2 cuz it failed boi.app */;
			productType = "com.apple.product-type.application";
		};
/* End PBXNativeTarget section */

/* Begin PBXProject section */
		1D648DA724D70D14002526C4 /* Project object */ = {
			isa = PBXProject;
			attributes = {
				LastSwiftUpdateCheck = 1160;
				LastUpgradeCheck = 1160;
				ORGANIZATIONNAME = "Kamalika Kummathi";
				TargetAttributes = {
					1D648DAE24D70D14002526C4 = {
						CreatedOnToolsVersion = 11.6;
					};
				};
			};
			buildConfigurationList = 1D648DAA24D70D14002526C4 /* Build configuration list for PBXProject "udder2 cuz it failed boi" */;
			compatibilityVersion = "Xcode 9.3";
			developmentRegion = en;
			hasScannedForEncodings = 0;
			knownRegions = (
				en,
				Base,
			);
			mainGroup = 1D648DA624D70D14002526C4;
			productRefGroup = 1D648DB024D70D14002526C4 /* Products */;
			projectDirPath = "";
			projectRoot = "";
			targets = (
				1D648DAE24D70D14002526C4 /* udder2 cuz it failed boi */,
			);
		};
/* End PBXProject section */

/* Begin PBXResourcesBuildPhase section */
		1D648DAD24D70D14002526C4 /* Resources */ = {
			isa = PBXResourcesBuildPhase;
			buildActionMask = 2147483647;
			files = (
				1D648DBF24D70D16002526C4 /* LaunchScreen.storyboard in Resources */,
				1D648DBC24D70D16002526C4 /* Assets.xcassets in Resources */,
				1D648DBA24D70D14002526C4 /* Main.storyboard in Resources */,
			);
			runOnlyForDeploymentPostprocessing = 0;
		};
/* End PBXResourcesBuildPhase section */

/* Begin PBXSourcesBuildPhase section */
		1D648DAB24D70D14002526C4 /* Sources */ = {
			isa = PBXSourcesBuildPhase;
			buildActionMask = 2147483647;
			files = (
				1D648DB724D70D14002526C4 /* ViewController.swift in Sources */,
				1D648DB324D70D14002526C4 /* AppDelegate.swift in Sources */,
				1D648DB524D70D14002526C4 /* SceneDelegate.swift in Sources */,
			);
			runOnlyForDeploymentPostprocessing = 0;
		};
/* End PBXSourcesBuildPhase section */

/* Begin PBXVariantGroup section */
		1D648DB824D70D14002526C4 /* Main.storyboard */ = {
			isa = PBXVariantGroup;
			children = (
				1D648DB924D70D14002526C4 /* Base */,
			);
			name = Main.storyboard;
			sourceTree = "<group>";
		};
		1D648DBD24D70D16002526C4 /* LaunchScreen.storyboard */ = {
			isa = PBXVariantGroup;
			children = (
				1D648DBE24D70D16002526C4 /* Base */,
			);
			name = LaunchScreen.storyboard;
			sourceTree = "<group>";
		};
/* End PBXVariantGroup section */

/* Begin XCBuildConfiguration section */
		1D648DC124D70D16002526C4 /* Debug */ = {
			isa = XCBuildConfiguration;
			buildSettings = {
				ALWAYS_SEARCH_USER_PATHS = NO;
				CLANG_ANALYZER_NONNULL = YES;
				CLANG_ANALYZER_NUMBER_OBJECT_CONVERSION = YES_AGGRESSIVE;
				CLANG_CXX_LANGUAGE_STANDARD = "gnu++14";
				CLANG_CXX_LIBRARY = "libc++";
				CLANG_ENABLE_MODULES = YES;
				CLANG_ENABLE_OBJC_ARC = YES;
				CLANG_ENABLE_OBJC_WEAK = YES;
				CLANG_WARN_BLOCK_CAPTURE_AUTORELEASING = YES;
				CLANG_WARN_BOOL_CONVERSION = YES;
				CLANG_WARN_COMMA = YES;
				CLANG_WARN_CONSTANT_CONVERSION = YES;
				CLANG_WARN_DEPRECATED_OBJC_IMPLEMENTATIONS = YES;
				CLANG_WARN_DIRECT_OBJC_ISA_USAGE = YES_ERROR;
				CLANG_WARN_DOCUMENTATION_COMMENTS = YES;
				CLANG_WARN_EMPTY_BODY = YES;
				CLANG_WARN_ENUM_CONVERSION = YES;
				CLANG_WARN_INFINITE_RECURSION = YES;
				CLANG_WARN_INT_CONVERSION = YES;
				CLANG_WARN_NON_LITERAL_NULL_CONVERSION = YES;
				CLANG_WARN_OBJC_IMPLICIT_RETAIN_SELF = YES;
				CLANG_WARN_OBJC_LITERAL_CONVERSION = YES;
				CLANG_WARN_OBJC_ROOT_CLASS = YES_ERROR;
				CLANG_WARN_RANGE_LOOP_ANALYSIS = YES;
				CLANG_WARN_STRICT_PROTOTYPES = YES;
				CLANG_WARN_SUSPICIOUS_MOVE = YES;
				CLANG_WARN_UNGUARDED_AVAILABILITY = YES_AGGRESSIVE;
				CLANG_WARN_UNREACHABLE_CODE = YES;
				CLANG_WARN__DUPLICATE_METHOD_MATCH = YES;
				COPY_PHASE_STRIP = NO;
				DEBUG_INFORMATION_FORMAT = dwarf;
				ENABLE_STRICT_OBJC_MSGSEND = YES;
				ENABLE_TESTABILITY = YES;
				GCC_C_LANGUAGE_STANDARD = gnu11;
				GCC_DYNAMIC_NO_PIC = NO;
				GCC_NO_COMMON_BLOCKS = YES;
				GCC_OPTIMIZATION_LEVEL = 0;
				GCC_PREPROCESSOR_DEFINITIONS = (
					"DEBUG=1",
					"$(inherited)",
				);
				GCC_WARN_64_TO_32_BIT_CONVERSION = YES;
				GCC_WARN_ABOUT_RETURN_TYPE = YES_ERROR;
				GCC_WARN_UNDECLARED_SELECTOR = YES;
				GCC_WARN_UNINITIALIZED_AUTOS = YES_AGGRESSIVE;
				GCC_WARN_UNUSED_FUNCTION = YES;
				GCC_WARN_UNUSED_VARIABLE = YES;
				IPHONEOS_DEPLOYMENT_TARGET = 13.6;
				MTL_ENABLE_DEBUG_INFO = INCLUDE_SOURCE;
				MTL_FAST_MATH = YES;
				ONLY_ACTIVE_ARCH = YES;
				SDKROOT = iphoneos;
				SWIFT_ACTIVE_COMPILATION_CONDITIONS = DEBUG;
				SWIFT_OPTIMIZATION_LEVEL = "-Onone";
			};
			name = Debug;
		};
		1D648DC224D70D16002526C4 /* Release */ = {
			isa = XCBuildConfiguration;
			buildSettings = {
				ALWAYS_SEARCH_USER_PATHS = NO;
				CLANG_ANALYZER_NONNULL = YES;
				CLANG_ANALYZER_NUMBER_OBJECT_CONVERSION = YES_AGGRESSIVE;
				CLANG_CXX_LANGUAGE_STANDARD = "gnu++14";
				CLANG_CXX_LIBRARY = "libc++";
				CLANG_ENABLE_MODULES = YES;
				CLANG_ENABLE_OBJC_ARC = YES;
				CLANG_ENABLE_OBJC_WEAK = YES;
				CLANG_WARN_BLOCK_CAPTURE_AUTORELEASING = YES;
				CLANG_WARN_BOOL_CONVERSION = YES;
				CLANG_WARN_COMMA = YES;
				CLANG_WARN_CONSTANT_CONVERSION = YES;
				CLANG_WARN_DEPRECATED_OBJC_IMPLEMENTATIONS = YES;
				CLANG_WARN_DIRECT_OBJC_ISA_USAGE = YES_ERROR;
				CLANG_WARN_DOCUMENTATION_COMMENTS = YES;
				CLANG_WARN_EMPTY_BODY = YES;
				CLANG_WARN_ENUM_CONVERSION = YES;
				CLANG_WARN_INFINITE_RECURSION = YES;
				CLANG_WARN_INT_CONVERSION = YES;
				CLANG_WARN_NON_LITERAL_NULL_CONVERSION = YES;
				CLANG_WARN_OBJC_IMPLICIT_RETAIN_SELF = YES;
				CLANG_WARN_OBJC_LITERAL_CONVERSION = YES;
				CLANG_WARN_OBJC_ROOT_CLASS = YES_ERROR;
				CLANG_WARN_RANGE_LOOP_ANALYSIS = YES;
				CLANG_WARN_STRICT_PROTOTYPES = YES;
				CLANG_WARN_SUSPICIOUS_MOVE = YES;
				CLANG_WARN_UNGUARDED_AVAILABILITY = YES_AGGRESSIVE;
				CLANG_WARN_UNREACHABLE_CODE = YES;
				CLANG_WARN__DUPLICATE_METHOD_MATCH = YES;
				COPY_PHASE_STRIP = NO;
				DEBUG_INFORMATION_FORMAT = "dwarf-with-dsym";
				ENABLE_NS_ASSERTIONS = NO;
				ENABLE_STRICT_OBJC_MSGSEND = YES;
				GCC_C_LANGUAGE_STANDARD = gnu11;
				GCC_NO_COMMON_BLOCKS = YES;
				GCC_WARN_64_TO_32_BIT_CONVERSION = YES;
				GCC_WARN_ABOUT_RETURN_TYPE = YES_ERROR;
				GCC_WARN_UNDECLARED_SELECTOR = YES;
				GCC_WARN_UNINITIALIZED_AUTOS = YES_AGGRESSIVE;
				GCC_WARN_UNUSED_FUNCTION = YES;
				GCC_WARN_UNUSED_VARIABLE = YES;
				IPHONEOS_DEPLOYMENT_TARGET = 13.6;
				MTL_ENABLE_DEBUG_INFO = NO;
				MTL_FAST_MATH = YES;
				SDKROOT = iphoneos;
				SWIFT_COMPILATION_MODE = wholemodule;
				SWIFT_OPTIMIZATION_LEVEL = "-O";
				VALIDATE_PRODUCT = YES;
			};
			name = Release;
		};
		1D648DC424D70D16002526C4 /* Debug */ = {
			isa = XCBuildConfiguration;
			buildSettings = {
				ASSETCATALOG_COMPILER_APPICON_NAME = AppIcon;
				CODE_SIGN_STYLE = Automatic;
				DEVELOPMENT_TEAM = HUHX572364;
				INFOPLIST_FILE = "udder2 cuz it failed boi/Info.plist";
				LD_RUNPATH_SEARCH_PATHS = (
					"$(inherited)",
					"@executable_path/Frameworks",
				);
				PRODUCT_BUNDLE_IDENTIFIER = "practice.udder2-cuz-it-failed-boi";
				PRODUCT_NAME = "$(TARGET_NAME)";
				SWIFT_VERSION = 5.0;
				TARGETED_DEVICE_FAMILY = "1,2";
			};
			name = Debug;
		};
		1D648DC524D70D16002526C4 /* Release */ = {
			isa = XCBuildConfiguration;
			buildSettings = {
				ASSETCATALOG_COMPILER_APPICON_NAME = AppIcon;
				CODE_SIGN_STYLE = Automatic;
				DEVELOPMENT_TEAM = HUHX572364;
				INFOPLIST_FILE = "udder2 cuz it failed boi/Info.plist";
				LD_RUNPATH_SEARCH_PATHS = (
					"$(inherited)",
					"@executable_path/Frameworks",
				);
				PRODUCT_BUNDLE_IDENTIFIER = "practice.udder2-cuz-it-failed-boi";
				PRODUCT_NAME = "$(TARGET_NAME)";
				SWIFT_VERSION = 5.0;
				TARGETED_DEVICE_FAMILY = "1,2";
			};
			name = Release;
		};
/* End XCBuildConfiguration section */

/* Begin XCConfigurationList section */
		1D648DAA24D70D14002526C4 /* Build configuration list for PBXProject "udder2 cuz it failed boi" */ = {
			isa = XCConfigurationList;
			buildConfigurations = (
				1D648DC124D70D16002526C4 /* Debug */,
				1D648DC224D70D16002526C4 /* Release */,
			);
			defaultConfigurationIsVisible = 0;
			defaultConfigurationName = Release;
		};
		1D648DC324D70D16002526C4 /* Build configuration list for PBXNativeTarget "udder2 cuz it failed boi" */ = {
			isa = XCConfigurationList;
			buildConfigurations = (
				1D648DC424D70D16002526C4 /* Debug */,
				1D648DC524D70D16002526C4 /* Release */,
			);
			defaultConfigurationIsVisible = 0;
			defaultConfigurationName = Release;
		};
/* End XCConfigurationList section */
	};
	rootObject = 1D648DA724D70D14002526C4 /* Project object */;
}
